{
  "version": 4,
  "terraform_version": "1.11.3",
  "serial": 81,
  "lineage": "475c83f8-f599-c58b-7827-47741f6aff58",
  "outputs": {},
  "resources": [
    {
      "mode": "managed",
      "type": "azurerm_subnet_network_security_group_association",
      "name": "india",
      "provider": "provider[\"registry.terraform.io/hashicorp/azurerm\"]",
      "instances": [
        {
          "index_key": 0,
          "schema_version": 0,
          "attributes": {
            "id": "/subscriptions/47f636c5-a7d0-455d-9a44-99c27e48c084/resourceGroups/Capgemini_Azure/providers/Microsoft.Network/virtualNetworks/vnet-india/subnets/vnet-india-subnet-1",
            "network_security_group_id": "/subscriptions/47f636c5-a7d0-455d-9a44-99c27e48c084/resourceGroups/Capgemini_Azure/providers/Microsoft.Network/networkSecurityGroups/nsg-india",
            "subnet_id": "/subscriptions/47f636c5-a7d0-455d-9a44-99c27e48c084/resourceGroups/Capgemini_Azure/providers/Microsoft.Network/virtualNetworks/vnet-india/subnets/vnet-india-subnet-1",
            "timeouts": null
          },
          "sensitive_attributes": [],
          "private": "eyJlMmJmYjczMC1lY2FhLTExZTYtOGY4OC0zNDM2M2JjN2M0YzAiOnsiY3JlYXRlIjoxODAwMDAwMDAwMDAwLCJkZWxldGUiOjE4MDAwMDAwMDAwMDAsInJlYWQiOjMwMDAwMDAwMDAwMH19",
          "dependencies": [
            "module.nsg_india.azurerm_network_security_group.capgemini_nsg",
            "module.rg.azurerm_resource_group.capgemini_rg",
            "module.subnet_india.azurerm_subnet.capgemini_subnet",
            "module.vnet_india.azurerm_virtual_network.capgemini_vnet"
          ]
        },
        {
          "index_key": 1,
          "schema_version": 0,
          "attributes": {
            "id": "/subscriptions/47f636c5-a7d0-455d-9a44-99c27e48c084/resourceGroups/Capgemini_Azure/providers/Microsoft.Network/virtualNetworks/vnet-india/subnets/vnet-india-subnet-2",
            "network_security_group_id": "/subscriptions/47f636c5-a7d0-455d-9a44-99c27e48c084/resourceGroups/Capgemini_Azure/providers/Microsoft.Network/networkSecurityGroups/nsg-india",
            "subnet_id": "/subscriptions/47f636c5-a7d0-455d-9a44-99c27e48c084/resourceGroups/Capgemini_Azure/providers/Microsoft.Network/virtualNetworks/vnet-india/subnets/vnet-india-subnet-2",
            "timeouts": null
          },
          "sensitive_attributes": [],
          "private": "eyJlMmJmYjczMC1lY2FhLTExZTYtOGY4OC0zNDM2M2JjN2M0YzAiOnsiY3JlYXRlIjoxODAwMDAwMDAwMDAwLCJkZWxldGUiOjE4MDAwMDAwMDAwMDAsInJlYWQiOjMwMDAwMDAwMDAwMH19",
          "dependencies": [
            "module.nsg_india.azurerm_network_security_group.capgemini_nsg",
            "module.rg.azurerm_resource_group.capgemini_rg",
            "module.subnet_india.azurerm_subnet.capgemini_subnet",
            "module.vnet_india.azurerm_virtual_network.capgemini_vnet"
          ]
        },
        {
          "index_key": 2,
          "schema_version": 0,
          "attributes": {
            "id": "/subscriptions/47f636c5-a7d0-455d-9a44-99c27e48c084/resourceGroups/Capgemini_Azure/providers/Microsoft.Network/virtualNetworks/vnet-india/subnets/vnet-india-subnet-3",
            "network_security_group_id": "/subscriptions/47f636c5-a7d0-455d-9a44-99c27e48c084/resourceGroups/Capgemini_Azure/providers/Microsoft.Network/networkSecurityGroups/nsg-india",
            "subnet_id": "/subscriptions/47f636c5-a7d0-455d-9a44-99c27e48c084/resourceGroups/Capgemini_Azure/providers/Microsoft.Network/virtualNetworks/vnet-india/subnets/vnet-india-subnet-3",
            "timeouts": null
          },
          "sensitive_attributes": [],
          "private": "eyJlMmJmYjczMC1lY2FhLTExZTYtOGY4OC0zNDM2M2JjN2M0YzAiOnsiY3JlYXRlIjoxODAwMDAwMDAwMDAwLCJkZWxldGUiOjE4MDAwMDAwMDAwMDAsInJlYWQiOjMwMDAwMDAwMDAwMH19",
          "dependencies": [
            "module.nsg_india.azurerm_network_security_group.capgemini_nsg",
            "module.rg.azurerm_resource_group.capgemini_rg",
            "module.subnet_india.azurerm_subnet.capgemini_subnet",
            "module.vnet_india.azurerm_virtual_network.capgemini_vnet"
          ]
        }
      ]
    },
    {
      "mode": "managed",
      "type": "azurerm_subnet_network_security_group_association",
      "name": "us",
      "provider": "provider[\"registry.terraform.io/hashicorp/azurerm\"]",
      "instances": [
        {
          "index_key": 0,
          "schema_version": 0,
          "attributes": {
            "id": "/subscriptions/47f636c5-a7d0-455d-9a44-99c27e48c084/resourceGroups/Capgemini_Azure/providers/Microsoft.Network/virtualNetworks/vnet-us/subnets/vnet-us-subnet-1",
            "network_security_group_id": "/subscriptions/47f636c5-a7d0-455d-9a44-99c27e48c084/resourceGroups/Capgemini_Azure/providers/Microsoft.Network/networkSecurityGroups/nsg-us",
            "subnet_id": "/subscriptions/47f636c5-a7d0-455d-9a44-99c27e48c084/resourceGroups/Capgemini_Azure/providers/Microsoft.Network/virtualNetworks/vnet-us/subnets/vnet-us-subnet-1",
            "timeouts": null
          },
          "sensitive_attributes": [],
          "private": "eyJlMmJmYjczMC1lY2FhLTExZTYtOGY4OC0zNDM2M2JjN2M0YzAiOnsiY3JlYXRlIjoxODAwMDAwMDAwMDAwLCJkZWxldGUiOjE4MDAwMDAwMDAwMDAsInJlYWQiOjMwMDAwMDAwMDAwMH19",
          "dependencies": [
            "module.nsg_us.azurerm_network_security_group.capgemini_nsg",
            "module.rg.azurerm_resource_group.capgemini_rg",
            "module.subnet_us.azurerm_subnet.capgemini_subnet",
            "module.vnet_us.azurerm_virtual_network.capgemini_vnet"
          ]
        },
        {
          "index_key": 1,
          "schema_version": 0,
          "attributes": {
            "id": "/subscriptions/47f636c5-a7d0-455d-9a44-99c27e48c084/resourceGroups/Capgemini_Azure/providers/Microsoft.Network/virtualNetworks/vnet-us/subnets/vnet-us-subnet-2",
            "network_security_group_id": "/subscriptions/47f636c5-a7d0-455d-9a44-99c27e48c084/resourceGroups/Capgemini_Azure/providers/Microsoft.Network/networkSecurityGroups/nsg-us",
            "subnet_id": "/subscriptions/47f636c5-a7d0-455d-9a44-99c27e48c084/resourceGroups/Capgemini_Azure/providers/Microsoft.Network/virtualNetworks/vnet-us/subnets/vnet-us-subnet-2",
            "timeouts": null
          },
          "sensitive_attributes": [],
          "private": "eyJlMmJmYjczMC1lY2FhLTExZTYtOGY4OC0zNDM2M2JjN2M0YzAiOnsiY3JlYXRlIjoxODAwMDAwMDAwMDAwLCJkZWxldGUiOjE4MDAwMDAwMDAwMDAsInJlYWQiOjMwMDAwMDAwMDAwMH19",
          "dependencies": [
            "module.nsg_us.azurerm_network_security_group.capgemini_nsg",
            "module.rg.azurerm_resource_group.capgemini_rg",
            "module.subnet_us.azurerm_subnet.capgemini_subnet",
            "module.vnet_us.azurerm_virtual_network.capgemini_vnet"
          ]
        },
        {
          "index_key": 2,
          "schema_version": 0,
          "attributes": {
            "id": "/subscriptions/47f636c5-a7d0-455d-9a44-99c27e48c084/resourceGroups/Capgemini_Azure/providers/Microsoft.Network/virtualNetworks/vnet-us/subnets/vnet-us-subnet-3",
            "network_security_group_id": "/subscriptions/47f636c5-a7d0-455d-9a44-99c27e48c084/resourceGroups/Capgemini_Azure/providers/Microsoft.Network/networkSecurityGroups/nsg-us",
            "subnet_id": "/subscriptions/47f636c5-a7d0-455d-9a44-99c27e48c084/resourceGroups/Capgemini_Azure/providers/Microsoft.Network/virtualNetworks/vnet-us/subnets/vnet-us-subnet-3",
            "timeouts": null
          },
          "sensitive_attributes": [],
          "private": "eyJlMmJmYjczMC1lY2FhLTExZTYtOGY4OC0zNDM2M2JjN2M0YzAiOnsiY3JlYXRlIjoxODAwMDAwMDAwMDAwLCJkZWxldGUiOjE4MDAwMDAwMDAwMDAsInJlYWQiOjMwMDAwMDAwMDAwMH19",
          "dependencies": [
            "module.nsg_us.azurerm_network_security_group.capgemini_nsg",
            "module.rg.azurerm_resource_group.capgemini_rg",
            "module.subnet_us.azurerm_subnet.capgemini_subnet",
            "module.vnet_us.azurerm_virtual_network.capgemini_vnet"
          ]
        }
      ]
    },
    {
      "module": "module.nsg_india",
      "mode": "managed",
      "type": "azurerm_network_security_group",
      "name": "capgemini_nsg",
      "provider": "provider[\"registry.terraform.io/hashicorp/azurerm\"]",
      "instances": [
        {
          "schema_version": 0,
          "attributes": {
            "id": "/subscriptions/47f636c5-a7d0-455d-9a44-99c27e48c084/resourceGroups/Capgemini_Azure/providers/Microsoft.Network/networkSecurityGroups/nsg-india",
            "location": "centralindia",
            "name": "nsg-india",
            "resource_group_name": "Capgemini_Azure",
            "security_rule": [
              {
                "access": "Allow",
                "description": "",
                "destination_address_prefix": "*",
                "destination_address_prefixes": [],
                "destination_application_security_group_ids": [],
                "destination_port_range": "22",
                "destination_port_ranges": [],
                "direction": "Inbound",
                "name": "AllowSSH",
                "priority": 100,
                "protocol": "Tcp",
                "source_address_prefix": "*",
                "source_address_prefixes": [],
                "source_application_security_group_ids": [],
                "source_port_range": "*",
                "source_port_ranges": []
              },
              {
                "access": "Allow",
                "description": "",
                "destination_address_prefix": "*",
                "destination_address_prefixes": [],
                "destination_application_security_group_ids": [],
                "destination_port_range": "3389",
                "destination_port_ranges": [],
                "direction": "Inbound",
                "name": "AllowRDP",
                "priority": 110,
                "protocol": "Tcp",
                "source_address_prefix": "*",
                "source_address_prefixes": [],
                "source_application_security_group_ids": [],
                "source_port_range": "*",
                "source_port_ranges": []
              },
              {
                "access": "Allow",
                "description": "",
                "destination_address_prefix": "*",
                "destination_address_prefixes": [],
                "destination_application_security_group_ids": [],
                "destination_port_range": "443",
                "destination_port_ranges": [],
                "direction": "Inbound",
                "name": "AllowHTTPS",
                "priority": 130,
                "protocol": "Tcp",
                "source_address_prefix": "*",
                "source_address_prefixes": [],
                "source_application_security_group_ids": [],
                "source_port_range": "*",
                "source_port_ranges": []
              },
              {
                "access": "Allow",
                "description": "",
                "destination_address_prefix": "*",
                "destination_address_prefixes": [],
                "destination_application_security_group_ids": [],
                "destination_port_range": "80",
                "destination_port_ranges": [],
                "direction": "Inbound",
                "name": "AllowHTTP",
                "priority": 120,
                "protocol": "Tcp",
                "source_address_prefix": "*",
                "source_address_prefixes": [],
                "source_application_security_group_ids": [],
                "source_port_range": "*",
                "source_port_ranges": []
              }
            ],
            "tags": null,
            "timeouts": null
          },
          "sensitive_attributes": [],
          "private": "eyJlMmJmYjczMC1lY2FhLTExZTYtOGY4OC0zNDM2M2JjN2M0YzAiOnsiY3JlYXRlIjoxODAwMDAwMDAwMDAwLCJkZWxldGUiOjE4MDAwMDAwMDAwMDAsInJlYWQiOjMwMDAwMDAwMDAwMCwidXBkYXRlIjoxODAwMDAwMDAwMDAwfX0=",
          "dependencies": [
            "module.rg.azurerm_resource_group.capgemini_rg"
          ]
        }
      ]
    },
    {
      "module": "module.nsg_us",
      "mode": "managed",
      "type": "azurerm_network_security_group",
      "name": "capgemini_nsg",
      "provider": "provider[\"registry.terraform.io/hashicorp/azurerm\"]",
      "instances": [
        {
          "schema_version": 0,
          "attributes": {
            "id": "/subscriptions/47f636c5-a7d0-455d-9a44-99c27e48c084/resourceGroups/Capgemini_Azure/providers/Microsoft.Network/networkSecurityGroups/nsg-us",
            "location": "centralus",
            "name": "nsg-us",
            "resource_group_name": "Capgemini_Azure",
            "security_rule": [
              {
                "access": "Allow",
                "description": "",
                "destination_address_prefix": "*",
                "destination_address_prefixes": [],
                "destination_application_security_group_ids": [],
                "destination_port_range": "22",
                "destination_port_ranges": [],
                "direction": "Inbound",
                "name": "AllowSSH",
                "priority": 100,
                "protocol": "Tcp",
                "source_address_prefix": "*",
                "source_address_prefixes": [],
                "source_application_security_group_ids": [],
                "source_port_range": "*",
                "source_port_ranges": []
              },
              {
                "access": "Allow",
                "description": "",
                "destination_address_prefix": "*",
                "destination_address_prefixes": [],
                "destination_application_security_group_ids": [],
                "destination_port_range": "3389",
                "destination_port_ranges": [],
                "direction": "Inbound",
                "name": "AllowRDP",
                "priority": 110,
                "protocol": "Tcp",
                "source_address_prefix": "*",
                "source_address_prefixes": [],
                "source_application_security_group_ids": [],
                "source_port_range": "*",
                "source_port_ranges": []
              },
              {
                "access": "Allow",
                "description": "",
                "destination_address_prefix": "*",
                "destination_address_prefixes": [],
                "destination_application_security_group_ids": [],
                "destination_port_range": "443",
                "destination_port_ranges": [],
                "direction": "Inbound",
                "name": "AllowHTTPS",
                "priority": 130,
                "protocol": "Tcp",
                "source_address_prefix": "*",
                "source_address_prefixes": [],
                "source_application_security_group_ids": [],
                "source_port_range": "*",
                "source_port_ranges": []
              },
              {
                "access": "Allow",
                "description": "",
                "destination_address_prefix": "*",
                "destination_address_prefixes": [],
                "destination_application_security_group_ids": [],
                "destination_port_range": "80",
                "destination_port_ranges": [],
                "direction": "Inbound",
                "name": "AllowHTTP",
                "priority": 120,
                "protocol": "Tcp",
                "source_address_prefix": "*",
                "source_address_prefixes": [],
                "source_application_security_group_ids": [],
                "source_port_range": "*",
                "source_port_ranges": []
              }
            ],
            "tags": null,
            "timeouts": null
          },
          "sensitive_attributes": [],
          "private": "eyJlMmJmYjczMC1lY2FhLTExZTYtOGY4OC0zNDM2M2JjN2M0YzAiOnsiY3JlYXRlIjoxODAwMDAwMDAwMDAwLCJkZWxldGUiOjE4MDAwMDAwMDAwMDAsInJlYWQiOjMwMDAwMDAwMDAwMCwidXBkYXRlIjoxODAwMDAwMDAwMDAwfX0=",
          "dependencies": [
            "module.rg.azurerm_resource_group.capgemini_rg"
          ]
        }
      ]
    },
    {
      "module": "module.peering",
      "mode": "managed",
      "type": "azurerm_virtual_network_peering",
      "name": "peering_a_to_b",
      "provider": "provider[\"registry.terraform.io/hashicorp/azurerm\"]",
      "instances": [
        {
          "schema_version": 0,
          "attributes": {
            "allow_forwarded_traffic": true,
            "allow_gateway_transit": false,
            "allow_virtual_network_access": true,
            "id": "/subscriptions/47f636c5-a7d0-455d-9a44-99c27e48c084/resourceGroups/Capgemini_Azure/providers/Microsoft.Network/virtualNetworks/vnet-india/virtualNetworkPeerings/peer-a-to-b",
            "local_subnet_names": null,
            "name": "peer-a-to-b",
            "only_ipv6_peering_enabled": false,
            "peer_complete_virtual_networks_enabled": true,
            "remote_subnet_names": null,
            "remote_virtual_network_id": "/subscriptions/47f636c5-a7d0-455d-9a44-99c27e48c084/resourceGroups/Capgemini_Azure/providers/Microsoft.Network/virtualNetworks/vnet-us",
            "resource_group_name": "Capgemini_Azure",
            "timeouts": null,
            "triggers": null,
            "use_remote_gateways": false,
            "virtual_network_name": "vnet-india"
          },
          "sensitive_attributes": [],
          "private": "eyJlMmJmYjczMC1lY2FhLTExZTYtOGY4OC0zNDM2M2JjN2M0YzAiOnsiY3JlYXRlIjoxODAwMDAwMDAwMDAwLCJkZWxldGUiOjE4MDAwMDAwMDAwMDAsInJlYWQiOjMwMDAwMDAwMDAwMCwidXBkYXRlIjoxODAwMDAwMDAwMDAwfX0=",
          "dependencies": [
            "module.rg.azurerm_resource_group.capgemini_rg",
            "module.vnet_india.azurerm_virtual_network.capgemini_vnet",
            "module.vnet_us.azurerm_virtual_network.capgemini_vnet"
          ]
        }
      ]
    },
    {
      "module": "module.peering",
      "mode": "managed",
      "type": "azurerm_virtual_network_peering",
      "name": "peering_b_to_a",
      "provider": "provider[\"registry.terraform.io/hashicorp/azurerm\"]",
      "instances": [
        {
          "schema_version": 0,
          "attributes": {
            "allow_forwarded_traffic": true,
            "allow_gateway_transit": false,
            "allow_virtual_network_access": true,
            "id": "/subscriptions/47f636c5-a7d0-455d-9a44-99c27e48c084/resourceGroups/Capgemini_Azure/providers/Microsoft.Network/virtualNetworks/vnet-us/virtualNetworkPeerings/peer-b-to-a",
            "local_subnet_names": null,
            "name": "peer-b-to-a",
            "only_ipv6_peering_enabled": false,
            "peer_complete_virtual_networks_enabled": true,
            "remote_subnet_names": null,
            "remote_virtual_network_id": "/subscriptions/47f636c5-a7d0-455d-9a44-99c27e48c084/resourceGroups/Capgemini_Azure/providers/Microsoft.Network/virtualNetworks/vnet-india",
            "resource_group_name": "Capgemini_Azure",
            "timeouts": null,
            "triggers": null,
            "use_remote_gateways": false,
            "virtual_network_name": "vnet-us"
          },
          "sensitive_attributes": [],
          "private": "eyJlMmJmYjczMC1lY2FhLTExZTYtOGY4OC0zNDM2M2JjN2M0YzAiOnsiY3JlYXRlIjoxODAwMDAwMDAwMDAwLCJkZWxldGUiOjE4MDAwMDAwMDAwMDAsInJlYWQiOjMwMDAwMDAwMDAwMCwidXBkYXRlIjoxODAwMDAwMDAwMDAwfX0=",
          "dependencies": [
            "module.rg.azurerm_resource_group.capgemini_rg",
            "module.vnet_india.azurerm_virtual_network.capgemini_vnet",
            "module.vnet_us.azurerm_virtual_network.capgemini_vnet"
          ]
        }
      ]
    },
    {
      "module": "module.rg",
      "mode": "managed",
      "type": "azurerm_resource_group",
      "name": "capgemini_rg",
      "provider": "provider[\"registry.terraform.io/hashicorp/azurerm\"]",
      "instances": [
        {
          "schema_version": 0,
          "attributes": {
            "id": "/subscriptions/47f636c5-a7d0-455d-9a44-99c27e48c084/resourceGroups/Capgemini_Azure",
            "location": "centralindia",
            "managed_by": "",
            "name": "Capgemini_Azure",
            "tags": null,
            "timeouts": null
          },
          "sensitive_attributes": [],
          "private": "eyJlMmJmYjczMC1lY2FhLTExZTYtOGY4OC0zNDM2M2JjN2M0YzAiOnsiY3JlYXRlIjo1NDAwMDAwMDAwMDAwLCJkZWxldGUiOjU0MDAwMDAwMDAwMDAsInJlYWQiOjMwMDAwMDAwMDAwMCwidXBkYXRlIjo1NDAwMDAwMDAwMDAwfX0="
        }
      ]
    },
    {
      "module": "module.subnet_india",
      "mode": "managed",
      "type": "azurerm_subnet",
      "name": "capgemini_subnet",
      "provider": "provider[\"registry.terraform.io/hashicorp/azurerm\"]",
      "instances": [
        {
          "index_key": 0,
          "schema_version": 0,
          "attributes": {
            "address_prefixes": [
              "192.168.0.0/20"
            ],
            "default_outbound_access_enabled": true,
            "delegation": [],
            "id": "/subscriptions/47f636c5-a7d0-455d-9a44-99c27e48c084/resourceGroups/Capgemini_Azure/providers/Microsoft.Network/virtualNetworks/vnet-india/subnets/vnet-india-subnet-1",
            "name": "vnet-india-subnet-1",
            "private_endpoint_network_policies": "Disabled",
            "private_link_service_network_policies_enabled": true,
            "resource_group_name": "Capgemini_Azure",
            "service_endpoint_policy_ids": null,
            "service_endpoints": null,
            "timeouts": null,
            "virtual_network_name": "vnet-india"
          },
          "sensitive_attributes": [],
          "private": "eyJlMmJmYjczMC1lY2FhLTExZTYtOGY4OC0zNDM2M2JjN2M0YzAiOnsiY3JlYXRlIjoxODAwMDAwMDAwMDAwLCJkZWxldGUiOjE4MDAwMDAwMDAwMDAsInJlYWQiOjMwMDAwMDAwMDAwMCwidXBkYXRlIjoxODAwMDAwMDAwMDAwfX0=",
          "dependencies": [
            "module.rg.azurerm_resource_group.capgemini_rg",
            "module.vnet_india.azurerm_virtual_network.capgemini_vnet"
          ]
        },
        {
          "index_key": 1,
          "schema_version": 0,
          "attributes": {
            "address_prefixes": [
              "192.168.16.0/20"
            ],
            "default_outbound_access_enabled": true,
            "delegation": [],
            "id": "/subscriptions/47f636c5-a7d0-455d-9a44-99c27e48c084/resourceGroups/Capgemini_Azure/providers/Microsoft.Network/virtualNetworks/vnet-india/subnets/vnet-india-subnet-2",
            "name": "vnet-india-subnet-2",
            "private_endpoint_network_policies": "Disabled",
            "private_link_service_network_policies_enabled": true,
            "resource_group_name": "Capgemini_Azure",
            "service_endpoint_policy_ids": null,
            "service_endpoints": null,
            "timeouts": null,
            "virtual_network_name": "vnet-india"
          },
          "sensitive_attributes": [],
          "private": "eyJlMmJmYjczMC1lY2FhLTExZTYtOGY4OC0zNDM2M2JjN2M0YzAiOnsiY3JlYXRlIjoxODAwMDAwMDAwMDAwLCJkZWxldGUiOjE4MDAwMDAwMDAwMDAsInJlYWQiOjMwMDAwMDAwMDAwMCwidXBkYXRlIjoxODAwMDAwMDAwMDAwfX0=",
          "dependencies": [
            "module.rg.azurerm_resource_group.capgemini_rg",
            "module.vnet_india.azurerm_virtual_network.capgemini_vnet"
          ]
        },
        {
          "index_key": 2,
          "schema_version": 0,
          "attributes": {
            "address_prefixes": [
              "192.168.32.0/20"
            ],
            "default_outbound_access_enabled": true,
            "delegation": [],
            "id": "/subscriptions/47f636c5-a7d0-455d-9a44-99c27e48c084/resourceGroups/Capgemini_Azure/providers/Microsoft.Network/virtualNetworks/vnet-india/subnets/vnet-india-subnet-3",
            "name": "vnet-india-subnet-3",
            "private_endpoint_network_policies": "Disabled",
            "private_link_service_network_policies_enabled": true,
            "resource_group_name": "Capgemini_Azure",
            "service_endpoint_policy_ids": null,
            "service_endpoints": null,
            "timeouts": null,
            "virtual_network_name": "vnet-india"
          },
          "sensitive_attributes": [],
          "private": "eyJlMmJmYjczMC1lY2FhLTExZTYtOGY4OC0zNDM2M2JjN2M0YzAiOnsiY3JlYXRlIjoxODAwMDAwMDAwMDAwLCJkZWxldGUiOjE4MDAwMDAwMDAwMDAsInJlYWQiOjMwMDAwMDAwMDAwMCwidXBkYXRlIjoxODAwMDAwMDAwMDAwfX0=",
          "dependencies": [
            "module.rg.azurerm_resource_group.capgemini_rg",
            "module.vnet_india.azurerm_virtual_network.capgemini_vnet"
          ]
        }
      ]
    },
    {
      "module": "module.subnet_us",
      "mode": "managed",
      "type": "azurerm_subnet",
      "name": "capgemini_subnet",
      "provider": "provider[\"registry.terraform.io/hashicorp/azurerm\"]",
      "instances": [
        {
          "index_key": 0,
          "schema_version": 0,
          "attributes": {
            "address_prefixes": [
              "10.0.0.0/20"
            ],
            "default_outbound_access_enabled": true,
            "delegation": [],
            "id": "/subscriptions/47f636c5-a7d0-455d-9a44-99c27e48c084/resourceGroups/Capgemini_Azure/providers/Microsoft.Network/virtualNetworks/vnet-us/subnets/vnet-us-subnet-1",
            "name": "vnet-us-subnet-1",
            "private_endpoint_network_policies": "Disabled",
            "private_link_service_network_policies_enabled": true,
            "resource_group_name": "Capgemini_Azure",
            "service_endpoint_policy_ids": null,
            "service_endpoints": null,
            "timeouts": null,
            "virtual_network_name": "vnet-us"
          },
          "sensitive_attributes": [],
          "private": "eyJlMmJmYjczMC1lY2FhLTExZTYtOGY4OC0zNDM2M2JjN2M0YzAiOnsiY3JlYXRlIjoxODAwMDAwMDAwMDAwLCJkZWxldGUiOjE4MDAwMDAwMDAwMDAsInJlYWQiOjMwMDAwMDAwMDAwMCwidXBkYXRlIjoxODAwMDAwMDAwMDAwfX0=",
          "dependencies": [
            "module.rg.azurerm_resource_group.capgemini_rg",
            "module.vnet_us.azurerm_virtual_network.capgemini_vnet"
          ]
        },
        {
          "index_key": 1,
          "schema_version": 0,
          "attributes": {
            "address_prefixes": [
              "10.0.16.0/20"
            ],
            "default_outbound_access_enabled": true,
            "delegation": [],
            "id": "/subscriptions/47f636c5-a7d0-455d-9a44-99c27e48c084/resourceGroups/Capgemini_Azure/providers/Microsoft.Network/virtualNetworks/vnet-us/subnets/vnet-us-subnet-2",
            "name": "vnet-us-subnet-2",
            "private_endpoint_network_policies": "Disabled",
            "private_link_service_network_policies_enabled": true,
            "resource_group_name": "Capgemini_Azure",
            "service_endpoint_policy_ids": null,
            "service_endpoints": null,
            "timeouts": null,
            "virtual_network_name": "vnet-us"
          },
          "sensitive_attributes": [],
          "private": "eyJlMmJmYjczMC1lY2FhLTExZTYtOGY4OC0zNDM2M2JjN2M0YzAiOnsiY3JlYXRlIjoxODAwMDAwMDAwMDAwLCJkZWxldGUiOjE4MDAwMDAwMDAwMDAsInJlYWQiOjMwMDAwMDAwMDAwMCwidXBkYXRlIjoxODAwMDAwMDAwMDAwfX0=",
          "dependencies": [
            "module.rg.azurerm_resource_group.capgemini_rg",
            "module.vnet_us.azurerm_virtual_network.capgemini_vnet"
          ]
        },
        {
          "index_key": 2,
          "schema_version": 0,
          "attributes": {
            "address_prefixes": [
              "10.0.32.0/20"
            ],
            "default_outbound_access_enabled": true,
            "delegation": [],
            "id": "/subscriptions/47f636c5-a7d0-455d-9a44-99c27e48c084/resourceGroups/Capgemini_Azure/providers/Microsoft.Network/virtualNetworks/vnet-us/subnets/vnet-us-subnet-3",
            "name": "vnet-us-subnet-3",
            "private_endpoint_network_policies": "Disabled",
            "private_link_service_network_policies_enabled": true,
            "resource_group_name": "Capgemini_Azure",
            "service_endpoint_policy_ids": null,
            "service_endpoints": null,
            "timeouts": null,
            "virtual_network_name": "vnet-us"
          },
          "sensitive_attributes": [],
          "private": "eyJlMmJmYjczMC1lY2FhLTExZTYtOGY4OC0zNDM2M2JjN2M0YzAiOnsiY3JlYXRlIjoxODAwMDAwMDAwMDAwLCJkZWxldGUiOjE4MDAwMDAwMDAwMDAsInJlYWQiOjMwMDAwMDAwMDAwMCwidXBkYXRlIjoxODAwMDAwMDAwMDAwfX0=",
          "dependencies": [
            "module.rg.azurerm_resource_group.capgemini_rg",
            "module.vnet_us.azurerm_virtual_network.capgemini_vnet"
          ]
        }
      ]
    },
    {
      "module": "module.vm_india",
      "mode": "managed",
      "type": "azurerm_linux_virtual_machine",
      "name": "capgemini_vm",
      "provider": "provider[\"registry.terraform.io/hashicorp/azurerm\"]",
      "instances": [
        {
          "schema_version": 0,
          "attributes": {
            "additional_capabilities": [],
            "admin_password": "YourP@ssword1234",
            "admin_ssh_key": [],
            "admin_username": "azureuser",
            "allow_extension_operations": true,
            "availability_set_id": "",
            "boot_diagnostics": [],
            "bypass_platform_safety_checks_on_user_schedule_enabled": false,
            "capacity_reservation_group_id": "",
            "computer_name": "vm-india",
            "custom_data": null,
            "dedicated_host_group_id": "",
            "dedicated_host_id": "",
            "disable_password_authentication": false,
            "disk_controller_type": "",
            "edge_zone": "",
            "encryption_at_host_enabled": false,
            "eviction_policy": "",
            "extensions_time_budget": "PT1H30M",
            "gallery_application": [],
            "id": "/subscriptions/47f636c5-a7d0-455d-9a44-99c27e48c084/resourceGroups/Capgemini_Azure/providers/Microsoft.Compute/virtualMachines/vm-india",
            "identity": [],
            "license_type": "",
            "location": "centralindia",
            "max_bid_price": -1,
            "name": "vm-india",
            "network_interface_ids": [
              "/subscriptions/47f636c5-a7d0-455d-9a44-99c27e48c084/resourceGroups/Capgemini_Azure/providers/Microsoft.Network/networkInterfaces/vm-india-nic"
            ],
            "os_disk": [
              {
                "caching": "ReadWrite",
                "diff_disk_settings": [],
                "disk_encryption_set_id": "",
                "disk_size_gb": 30,
                "id": "/subscriptions/47f636c5-a7d0-455d-9a44-99c27e48c084/resourceGroups/Capgemini_Azure/providers/Microsoft.Compute/disks/vm-india_osdisk",
                "name": "vm-india_osdisk",
                "secure_vm_disk_encryption_set_id": "",
                "security_encryption_type": "",
                "storage_account_type": "Standard_LRS",
                "write_accelerator_enabled": false
              }
            ],
            "os_image_notification": [],
            "patch_assessment_mode": "ImageDefault",
            "patch_mode": "ImageDefault",
            "plan": [],
            "platform_fault_domain": -1,
            "priority": "Regular",
            "private_ip_address": "192.168.0.4",
            "private_ip_addresses": [
              "192.168.0.4"
            ],
            "provision_vm_agent": true,
            "proximity_placement_group_id": "",
            "public_ip_address": "20.197.3.21",
            "public_ip_addresses": [
              "20.197.3.21"
            ],
            "reboot_setting": "",
            "resource_group_name": "Capgemini_Azure",
            "secret": [],
            "secure_boot_enabled": false,
            "size": "Standard_B1s",
            "source_image_id": "",
            "source_image_reference": [
              {
                "offer": "UbuntuServer",
                "publisher": "Canonical",
                "sku": "18.04-LTS",
                "version": "latest"
              }
            ],
            "tags": null,
            "termination_notification": null,
            "timeouts": null,
            "user_data": "",
            "virtual_machine_id": "d6316d13-0bfb-426b-86ba-73f20f32d908",
            "virtual_machine_scale_set_id": "",
            "vm_agent_platform_updates_enabled": false,
            "vtpm_enabled": false,
            "zone": ""
          },
          "sensitive_attributes": [
            [
              {
                "type": "get_attr",
                "value": "custom_data"
              }
            ],
            [
              {
                "type": "get_attr",
                "value": "admin_password"
              }
            ]
          ],
          "private": "eyJlMmJmYjczMC1lY2FhLTExZTYtOGY4OC0zNDM2M2JjN2M0YzAiOnsiY3JlYXRlIjoyNzAwMDAwMDAwMDAwLCJkZWxldGUiOjI3MDAwMDAwMDAwMDAsInJlYWQiOjMwMDAwMDAwMDAwMCwidXBkYXRlIjoyNzAwMDAwMDAwMDAwfX0=",
          "dependencies": [
            "module.rg.azurerm_resource_group.capgemini_rg",
            "module.subnet_india.azurerm_subnet.capgemini_subnet",
            "module.vm_india.azurerm_network_interface.capgemini_interface",
            "module.vm_india.azurerm_public_ip.capgemini_public",
            "module.vnet_india.azurerm_virtual_network.capgemini_vnet"
          ]
        }
      ]
    },
    {
      "module": "module.vm_india",
      "mode": "managed",
      "type": "azurerm_network_interface",
      "name": "capgemini_interface",
      "provider": "provider[\"registry.terraform.io/hashicorp/azurerm\"]",
      "instances": [
        {
          "schema_version": 0,
          "attributes": {
            "accelerated_networking_enabled": false,
            "applied_dns_servers": [],
            "auxiliary_mode": "",
            "auxiliary_sku": "",
            "dns_servers": null,
            "edge_zone": "",
            "id": "/subscriptions/47f636c5-a7d0-455d-9a44-99c27e48c084/resourceGroups/Capgemini_Azure/providers/Microsoft.Network/networkInterfaces/vm-india-nic",
            "internal_dns_name_label": "",
            "internal_domain_name_suffix": "jdosvkb0wi1etfilfahekfwszh.rx.internal.cloudapp.net",
            "ip_configuration": [
              {
                "gateway_load_balancer_frontend_ip_configuration_id": "",
                "name": "internal",
                "primary": true,
                "private_ip_address": "192.168.0.4",
                "private_ip_address_allocation": "Dynamic",
                "private_ip_address_version": "IPv4",
                "public_ip_address_id": "/subscriptions/47f636c5-a7d0-455d-9a44-99c27e48c084/resourceGroups/Capgemini_Azure/providers/Microsoft.Network/publicIPAddresses/vm-india-public-ip",
                "subnet_id": "/subscriptions/47f636c5-a7d0-455d-9a44-99c27e48c084/resourceGroups/Capgemini_Azure/providers/Microsoft.Network/virtualNetworks/vnet-india/subnets/vnet-india-subnet-1"
              }
            ],
            "ip_forwarding_enabled": false,
            "location": "centralindia",
            "mac_address": "",
            "name": "vm-india-nic",
            "private_ip_address": "192.168.0.4",
            "private_ip_addresses": [
              "192.168.0.4"
            ],
            "resource_group_name": "Capgemini_Azure",
            "tags": null,
            "timeouts": null,
            "virtual_machine_id": ""
          },
          "sensitive_attributes": [],
          "private": "eyJlMmJmYjczMC1lY2FhLTExZTYtOGY4OC0zNDM2M2JjN2M0YzAiOnsiY3JlYXRlIjoxODAwMDAwMDAwMDAwLCJkZWxldGUiOjE4MDAwMDAwMDAwMDAsInJlYWQiOjMwMDAwMDAwMDAwMCwidXBkYXRlIjoxODAwMDAwMDAwMDAwfX0=",
          "dependencies": [
            "module.rg.azurerm_resource_group.capgemini_rg",
            "module.subnet_india.azurerm_subnet.capgemini_subnet",
            "module.vm_india.azurerm_public_ip.capgemini_public",
            "module.vnet_india.azurerm_virtual_network.capgemini_vnet"
          ]
        }
      ]
    },
    {
      "module": "module.vm_india",
      "mode": "managed",
      "type": "azurerm_public_ip",
      "name": "capgemini_public",
      "provider": "provider[\"registry.terraform.io/hashicorp/azurerm\"]",
      "instances": [
        {
          "schema_version": 0,
          "attributes": {
            "allocation_method": "Static",
            "ddos_protection_mode": "VirtualNetworkInherited",
            "ddos_protection_plan_id": null,
            "domain_name_label": null,
            "domain_name_label_scope": null,
            "edge_zone": "",
            "fqdn": null,
            "id": "/subscriptions/47f636c5-a7d0-455d-9a44-99c27e48c084/resourceGroups/Capgemini_Azure/providers/Microsoft.Network/publicIPAddresses/vm-india-public-ip",
            "idle_timeout_in_minutes": 4,
            "ip_address": "20.197.3.21",
            "ip_tags": null,
            "ip_version": "IPv4",
            "location": "centralindia",
            "name": "vm-india-public-ip",
            "public_ip_prefix_id": null,
            "resource_group_name": "Capgemini_Azure",
            "reverse_fqdn": null,
            "sku": "Standard",
            "sku_tier": "Regional",
            "tags": null,
            "timeouts": null,
            "zones": [
              "1"
            ]
          },
          "sensitive_attributes": [],
          "private": "eyJlMmJmYjczMC1lY2FhLTExZTYtOGY4OC0zNDM2M2JjN2M0YzAiOnsiY3JlYXRlIjoxODAwMDAwMDAwMDAwLCJkZWxldGUiOjE4MDAwMDAwMDAwMDAsInJlYWQiOjMwMDAwMDAwMDAwMCwidXBkYXRlIjoxODAwMDAwMDAwMDAwfX0=",
          "dependencies": [
            "module.rg.azurerm_resource_group.capgemini_rg"
          ]
        }
      ]
    },
    {
      "module": "module.vm_us",
      "mode": "managed",
      "type": "azurerm_linux_virtual_machine",
      "name": "capgemini_vm",
      "provider": "provider[\"registry.terraform.io/hashicorp/azurerm\"]",
      "instances": [
        {
          "schema_version": 0,
          "attributes": {
            "additional_capabilities": [],
            "admin_password": "YourP@ssword1234",
            "admin_ssh_key": [],
            "admin_username": "azureuser",
            "allow_extension_operations": true,
            "availability_set_id": "",
            "boot_diagnostics": [],
            "bypass_platform_safety_checks_on_user_schedule_enabled": false,
            "capacity_reservation_group_id": "",
            "computer_name": "vm-us",
            "custom_data": null,
            "dedicated_host_group_id": "",
            "dedicated_host_id": "",
            "disable_password_authentication": false,
            "disk_controller_type": "",
            "edge_zone": "",
            "encryption_at_host_enabled": false,
            "eviction_policy": "",
            "extensions_time_budget": "PT1H30M",
            "gallery_application": [],
            "id": "/subscriptions/47f636c5-a7d0-455d-9a44-99c27e48c084/resourceGroups/Capgemini_Azure/providers/Microsoft.Compute/virtualMachines/vm-us",
            "identity": [],
            "license_type": "",
            "location": "centralus",
            "max_bid_price": -1,
            "name": "vm-us",
            "network_interface_ids": [
              "/subscriptions/47f636c5-a7d0-455d-9a44-99c27e48c084/resourceGroups/Capgemini_Azure/providers/Microsoft.Network/networkInterfaces/vm-us-nic"
            ],
            "os_disk": [
              {
                "caching": "ReadWrite",
                "diff_disk_settings": [],
                "disk_encryption_set_id": "",
                "disk_size_gb": 30,
                "id": "/subscriptions/47f636c5-a7d0-455d-9a44-99c27e48c084/resourceGroups/Capgemini_Azure/providers/Microsoft.Compute/disks/vm-us_osdisk",
                "name": "vm-us_osdisk",
                "secure_vm_disk_encryption_set_id": "",
                "security_encryption_type": "",
                "storage_account_type": "Standard_LRS",
                "write_accelerator_enabled": false
              }
            ],
            "os_image_notification": [],
            "patch_assessment_mode": "ImageDefault",
            "patch_mode": "ImageDefault",
            "plan": [],
            "platform_fault_domain": -1,
            "priority": "Regular",
            "private_ip_address": "10.0.0.4",
            "private_ip_addresses": [
              "10.0.0.4"
            ],
            "provision_vm_agent": true,
            "proximity_placement_group_id": "",
            "public_ip_address": "20.46.224.76",
            "public_ip_addresses": [
              "20.46.224.76"
            ],
            "reboot_setting": "",
            "resource_group_name": "Capgemini_Azure",
            "secret": [],
            "secure_boot_enabled": false,
            "size": "Standard_B1s",
            "source_image_id": "",
            "source_image_reference": [
              {
                "offer": "UbuntuServer",
                "publisher": "Canonical",
                "sku": "18.04-LTS",
                "version": "latest"
              }
            ],
            "tags": null,
            "termination_notification": null,
            "timeouts": null,
            "user_data": "",
            "virtual_machine_id": "2ff863f7-7f7b-4277-8b2c-56091c4db2ef",
            "virtual_machine_scale_set_id": "",
            "vm_agent_platform_updates_enabled": false,
            "vtpm_enabled": false,
            "zone": ""
          },
          "sensitive_attributes": [
            [
              {
                "type": "get_attr",
                "value": "custom_data"
              }
            ],
            [
              {
                "type": "get_attr",
                "value": "admin_password"
              }
            ]
          ],
          "private": "eyJlMmJmYjczMC1lY2FhLTExZTYtOGY4OC0zNDM2M2JjN2M0YzAiOnsiY3JlYXRlIjoyNzAwMDAwMDAwMDAwLCJkZWxldGUiOjI3MDAwMDAwMDAwMDAsInJlYWQiOjMwMDAwMDAwMDAwMCwidXBkYXRlIjoyNzAwMDAwMDAwMDAwfX0=",
          "dependencies": [
            "module.rg.azurerm_resource_group.capgemini_rg",
            "module.subnet_us.azurerm_subnet.capgemini_subnet",
            "module.vm_us.azurerm_network_interface.capgemini_interface",
            "module.vm_us.azurerm_public_ip.capgemini_public",
            "module.vnet_us.azurerm_virtual_network.capgemini_vnet"
          ]
        }
      ]
    },
    {
      "module": "module.vm_us",
      "mode": "managed",
      "type": "azurerm_network_interface",
      "name": "capgemini_interface",
      "provider": "provider[\"registry.terraform.io/hashicorp/azurerm\"]",
      "instances": [
        {
          "schema_version": 0,
          "attributes": {
            "accelerated_networking_enabled": false,
            "applied_dns_servers": [],
            "auxiliary_mode": "",
            "auxiliary_sku": "",
            "dns_servers": null,
            "edge_zone": "",
            "id": "/subscriptions/47f636c5-a7d0-455d-9a44-99c27e48c084/resourceGroups/Capgemini_Azure/providers/Microsoft.Network/networkInterfaces/vm-us-nic",
            "internal_dns_name_label": "",
            "internal_domain_name_suffix": "uhlzadvb3aeevbmjnm3dstupnf.gx.internal.cloudapp.net",
            "ip_configuration": [
              {
                "gateway_load_balancer_frontend_ip_configuration_id": "",
                "name": "internal",
                "primary": true,
                "private_ip_address": "10.0.0.4",
                "private_ip_address_allocation": "Dynamic",
                "private_ip_address_version": "IPv4",
                "public_ip_address_id": "/subscriptions/47f636c5-a7d0-455d-9a44-99c27e48c084/resourceGroups/Capgemini_Azure/providers/Microsoft.Network/publicIPAddresses/vm-us-public-ip",
                "subnet_id": "/subscriptions/47f636c5-a7d0-455d-9a44-99c27e48c084/resourceGroups/Capgemini_Azure/providers/Microsoft.Network/virtualNetworks/vnet-us/subnets/vnet-us-subnet-1"
              }
            ],
            "ip_forwarding_enabled": false,
            "location": "centralus",
            "mac_address": "",
            "name": "vm-us-nic",
            "private_ip_address": "10.0.0.4",
            "private_ip_addresses": [
              "10.0.0.4"
            ],
            "resource_group_name": "Capgemini_Azure",
            "tags": null,
            "timeouts": null,
            "virtual_machine_id": ""
          },
          "sensitive_attributes": [],
          "private": "eyJlMmJmYjczMC1lY2FhLTExZTYtOGY4OC0zNDM2M2JjN2M0YzAiOnsiY3JlYXRlIjoxODAwMDAwMDAwMDAwLCJkZWxldGUiOjE4MDAwMDAwMDAwMDAsInJlYWQiOjMwMDAwMDAwMDAwMCwidXBkYXRlIjoxODAwMDAwMDAwMDAwfX0=",
          "dependencies": [
            "module.rg.azurerm_resource_group.capgemini_rg",
            "module.subnet_us.azurerm_subnet.capgemini_subnet",
            "module.vm_us.azurerm_public_ip.capgemini_public",
            "module.vnet_us.azurerm_virtual_network.capgemini_vnet"
          ]
        }
      ]
    },
    {
      "module": "module.vm_us",
      "mode": "managed",
      "type": "azurerm_public_ip",
      "name": "capgemini_public",
      "provider": "provider[\"registry.terraform.io/hashicorp/azurerm\"]",
      "instances": [
        {
          "schema_version": 0,
          "attributes": {
            "allocation_method": "Static",
            "ddos_protection_mode": "VirtualNetworkInherited",
            "ddos_protection_plan_id": null,
            "domain_name_label": null,
            "domain_name_label_scope": null,
            "edge_zone": "",
            "fqdn": null,
            "id": "/subscriptions/47f636c5-a7d0-455d-9a44-99c27e48c084/resourceGroups/Capgemini_Azure/providers/Microsoft.Network/publicIPAddresses/vm-us-public-ip",
            "idle_timeout_in_minutes": 4,
            "ip_address": "20.46.224.76",
            "ip_tags": null,
            "ip_version": "IPv4",
            "location": "centralus",
            "name": "vm-us-public-ip",
            "public_ip_prefix_id": null,
            "resource_group_name": "Capgemini_Azure",
            "reverse_fqdn": null,
            "sku": "Standard",
            "sku_tier": "Regional",
            "tags": null,
            "timeouts": null,
            "zones": [
              "1"
            ]
          },
          "sensitive_attributes": [],
          "private": "eyJlMmJmYjczMC1lY2FhLTExZTYtOGY4OC0zNDM2M2JjN2M0YzAiOnsiY3JlYXRlIjoxODAwMDAwMDAwMDAwLCJkZWxldGUiOjE4MDAwMDAwMDAwMDAsInJlYWQiOjMwMDAwMDAwMDAwMCwidXBkYXRlIjoxODAwMDAwMDAwMDAwfX0=",
          "dependencies": [
            "module.rg.azurerm_resource_group.capgemini_rg"
          ]
        }
      ]
    },
    {
      "module": "module.vnet_india",
      "mode": "managed",
      "type": "azurerm_virtual_network",
      "name": "capgemini_vnet",
      "provider": "provider[\"registry.terraform.io/hashicorp/azurerm\"]",
      "instances": [
        {
          "schema_version": 0,
          "attributes": {
            "address_space": [
              "192.168.0.0/16"
            ],
            "bgp_community": "",
            "ddos_protection_plan": [],
            "dns_servers": [],
            "edge_zone": "",
            "encryption": [],
            "flow_timeout_in_minutes": 0,
            "guid": "a82add48-b23a-4936-950b-280e4516d2cf",
            "id": "/subscriptions/47f636c5-a7d0-455d-9a44-99c27e48c084/resourceGroups/Capgemini_Azure/providers/Microsoft.Network/virtualNetworks/vnet-india",
            "location": "centralindia",
            "name": "vnet-india",
            "private_endpoint_vnet_policies": "Disabled",
            "resource_group_name": "Capgemini_Azure",
            "subnet": [],
            "tags": null,
            "timeouts": null
          },
          "sensitive_attributes": [],
          "private": "eyJlMmJmYjczMC1lY2FhLTExZTYtOGY4OC0zNDM2M2JjN2M0YzAiOnsiY3JlYXRlIjoxODAwMDAwMDAwMDAwLCJkZWxldGUiOjE4MDAwMDAwMDAwMDAsInJlYWQiOjMwMDAwMDAwMDAwMCwidXBkYXRlIjoxODAwMDAwMDAwMDAwfX0=",
          "dependencies": [
            "module.rg.azurerm_resource_group.capgemini_rg"
          ]
        }
      ]
    },
    {
      "module": "module.vnet_us",
      "mode": "managed",
      "type": "azurerm_virtual_network",
      "name": "capgemini_vnet",
      "provider": "provider[\"registry.terraform.io/hashicorp/azurerm\"]",
      "instances": [
        {
          "schema_version": 0,
          "attributes": {
            "address_space": [
              "10.0.0.0/16"
            ],
            "bgp_community": "",
            "ddos_protection_plan": [],
            "dns_servers": [],
            "edge_zone": "",
            "encryption": [],
            "flow_timeout_in_minutes": 0,
            "guid": "0e90d7a1-e8a1-4a08-8589-6b3a394e8f6d",
            "id": "/subscriptions/47f636c5-a7d0-455d-9a44-99c27e48c084/resourceGroups/Capgemini_Azure/providers/Microsoft.Network/virtualNetworks/vnet-us",
            "location": "centralus",
            "name": "vnet-us",
            "private_endpoint_vnet_policies": "Disabled",
            "resource_group_name": "Capgemini_Azure",
            "subnet": [],
            "tags": null,
            "timeouts": null
          },
          "sensitive_attributes": [],
          "private": "eyJlMmJmYjczMC1lY2FhLTExZTYtOGY4OC0zNDM2M2JjN2M0YzAiOnsiY3JlYXRlIjoxODAwMDAwMDAwMDAwLCJkZWxldGUiOjE4MDAwMDAwMDAwMDAsInJlYWQiOjMwMDAwMDAwMDAwMCwidXBkYXRlIjoxODAwMDAwMDAwMDAwfX0=",
          "dependencies": [
            "module.rg.azurerm_resource_group.capgemini_rg"
          ]
        }
      ]
    }
  ],
  "check_results": null
}
