{
  "version": 4,
  "terraform_version": "1.11.3",
  "serial": 12,
  "lineage": "1c590366-ef9b-081b-5965-b07656841ed1",
  "outputs": {
    "subnet_id": {
      "value": "/subscriptions/47f636c5-a7d0-455d-9a44-99c27e48c084/resourceGroups/Capgemini_resource_group/providers/Microsoft.Network/virtualNetworks/capgemini-vnet/subnets/subnet-1",
      "type": "string"
    },
    "vnet_name": {
      "value": "capgemini-vnet",
      "type": "string"
    }
  },
  "resources": [
    {
      "mode": "managed",
      "type": "azurerm_resource_group",
      "name": "capgemini",
      "provider": "provider[\"registry.terraform.io/hashicorp/azurerm\"]",
      "instances": [
        {
          "schema_version": 0,
          "attributes": {
            "id": "/subscriptions/47f636c5-a7d0-455d-9a44-99c27e48c084/resourceGroups/Capgemini_resource_group",
            "location": "centralindia",
            "managed_by": "",
            "name": "Capgemini_resource_group",
            "tags": null,
            "timeouts": null
          },
          "sensitive_attributes": [],
          "private": "eyJlMmJmYjczMC1lY2FhLTExZTYtOGY4OC0zNDM2M2JjN2M0YzAiOnsiY3JlYXRlIjo1NDAwMDAwMDAwMDAwLCJkZWxldGUiOjU0MDAwMDAwMDAwMDAsInJlYWQiOjMwMDAwMDAwMDAwMCwidXBkYXRlIjo1NDAwMDAwMDAwMDAwfX0="
        }
      ]
    },
    {
      "module": "module.vnet",
      "mode": "managed",
      "type": "azurerm_subnet",
      "name": "capgemini_subnet",
      "provider": "provider[\"registry.terraform.io/hashicorp/azurerm\"]",
      "instances": [
        {
          "schema_version": 0,
          "attributes": {
            "address_prefixes": [
              "192.168.0.0/24"
            ],
            "default_outbound_access_enabled": true,
            "delegation": [],
            "id": "/subscriptions/47f636c5-a7d0-455d-9a44-99c27e48c084/resourceGroups/Capgemini_resource_group/providers/Microsoft.Network/virtualNetworks/capgemini-vnet/subnets/subnet-1",
            "name": "subnet-1",
            "private_endpoint_network_policies": "Disabled",
            "private_link_service_network_policies_enabled": true,
            "resource_group_name": "Capgemini_resource_group",
            "service_endpoint_policy_ids": null,
            "service_endpoints": null,
            "timeouts": null,
            "virtual_network_name": "capgemini-vnet"
          },
          "sensitive_attributes": [],
          "private": "eyJlMmJmYjczMC1lY2FhLTExZTYtOGY4OC0zNDM2M2JjN2M0YzAiOnsiY3JlYXRlIjoxODAwMDAwMDAwMDAwLCJkZWxldGUiOjE4MDAwMDAwMDAwMDAsInJlYWQiOjMwMDAwMDAwMDAwMCwidXBkYXRlIjoxODAwMDAwMDAwMDAwfX0=",
          "dependencies": [
            "azurerm_resource_group.capgemini",
            "module.vnet.azurerm_virtual_network.capgemini"
          ]
        }
      ]
    },
    {
      "module": "module.vnet",
      "mode": "managed",
      "type": "azurerm_virtual_network",
      "name": "capgemini",
      "provider": "provider[\"registry.terraform.io/hashicorp/azurerm\"]",
      "instances": [
        {
          "schema_version": 0,
          "attributes": {
            "address_space": [
              "192.168.0.0/16"
            ],
            "bgp_community": "",
            "ddos_protection_plan": [],
            "dns_servers": [],
            "edge_zone": "",
            "encryption": [],
            "flow_timeout_in_minutes": 0,
            "guid": "f400955d-fb91-461d-bc9b-4e9876f67c2c",
            "id": "/subscriptions/47f636c5-a7d0-455d-9a44-99c27e48c084/resourceGroups/Capgemini_resource_group/providers/Microsoft.Network/virtualNetworks/capgemini-vnet",
            "location": "centralindia",
            "name": "capgemini-vnet",
            "private_endpoint_vnet_policies": "Disabled",
            "resource_group_name": "Capgemini_resource_group",
            "subnet": [],
            "tags": null,
            "timeouts": null
          },
          "sensitive_attributes": [],
          "private": "eyJlMmJmYjczMC1lY2FhLTExZTYtOGY4OC0zNDM2M2JjN2M0YzAiOnsiY3JlYXRlIjoxODAwMDAwMDAwMDAwLCJkZWxldGUiOjE4MDAwMDAwMDAwMDAsInJlYWQiOjMwMDAwMDAwMDAwMCwidXBkYXRlIjoxODAwMDAwMDAwMDAwfX0=",
          "dependencies": [
            "azurerm_resource_group.capgemini"
          ]
        }
      ]
    }
  ],
  "check_results": null
}
